
Microsoft Visual Studio Solution File, Format Version 12.00
# Visual Studio 15
VisualStudioVersion = 15.0.27428.2005
MinimumVisualStudioVersion = 10.0.40219.1
Project("{FAE04EC0-301F-11D3-BF4B-00C04F79EFBC}") = "WeatherAppFomXamarin.Android", "WeatherAppFomXamarin\WeatherAppFomXamarin.Android\WeatherAppFomXamarin.Android.csproj", "{05F5892D-BF2E-4DEF-9037-70E32A5F331D}"
EndProject
Project("{D954291E-2A0B-460D-934E-DC6B0785DB48}") = "WeatherAppFomXamarin", "WeatherAppFomXamarin\WeatherAppFomXamarin\WeatherAppFomXamarin.shproj", "{C4920122-B9AB-484F-97E9-62344567AF72}"
EndProject
Global
	GlobalSection(SharedMSBuildProjectFiles) = preSolution
		WeatherAppFomXamarin\WeatherAppFomXamarin\WeatherAppFomXamarin.projitems*{05f5892d-bf2e-4def-9037-70e32a5f331d}*SharedItemsImports = 4
		WeatherAppFomXamarin\WeatherAppFomXamarin\WeatherAppFomXamarin.projitems*{c4920122-b9ab-484f-97e9-62344567af72}*SharedItemsImports = 13
	EndGlobalSection
	GlobalSection(SolutionConfigurationPlatforms) = preSolution
		Debug|Any CPU = Debug|Any CPU
		Release|Any CPU = Release|Any CPU
	EndGlobalSection
	GlobalSection(ProjectConfigurationPlatforms) = postSolution
		{05F5892D-BF2E-4DEF-9037-70E32A5F331D}.Debug|Any CPU.ActiveCfg = Debug|Any CPU
		{05F5892D-BF2E-4DEF-9037-70E32A5F331D}.Debug|Any CPU.Build.0 = Debug|Any CPU
		{05F5892D-BF2E-4DEF-9037-70E32A5F331D}.Debug|Any CPU.Deploy.0 = Debug|Any CPU
		{05F5892D-BF2E-4DEF-9037-70E32A5F331D}.Release|Any CPU.ActiveCfg = Release|Any CPU
		{05F5892D-BF2E-4DEF-9037-70E32A5F331D}.Release|Any CPU.Build.0 = Release|Any CPU
		{05F5892D-BF2E-4DEF-9037-70E32A5F331D}.Release|Any CPU.Deploy.0 = Release|Any CPU
	EndGlobalSection
	GlobalSection(SolutionProperties) = preSolution
		HideSolutionNode = FALSE
	EndGlobalSection
	GlobalSection(ExtensibilityGlobals) = postSolution
		SolutionGuid = {4CF30DD3-D8DB-4674-BCD3-B1A6A8AE6F47}
	EndGlobalSection
EndGlobal
